<Solution>
  <Project Path="InputSystem.csproj" />
  <Project Path="ShaderCrew.SeeThroughShader.Core.Runtime.csproj" />
  <Project Path="ShaderCrew.SeeThroughShader.Core.Editor.csproj" />
  <Project Path="ShaderCrew.SeeThroughShader.Core.ShaderGraph.Editor.csproj" />
  <Project Path="Assembly-CSharp.csproj" />
  <Project Path="Assembly-CSharp-Editor.csproj" />
  <Project Path="ShaderCrew.SeeThroughShader.Core.StackableForBetterShaders.Editor.csproj" />
</Solution>
