<Solution>
  <Project Path="MoreMountains.Tools.csproj" />
  <Project Path="InputSystem.csproj" />
  <Project Path="MoreMountains.Tools.Editor.csproj" />
  <Project Path="Lofelt.NiceVibrations.csproj" />
  <Project Path="CodeMonkey_HealthSystem.csproj" />
  <Project Path="ShaderCrew.SeeThroughShader.Core.Runtime.csproj" />
  <Project Path="ShaderCrew.SeeThroughShader.Core.Editor.csproj" />
  <Project Path="Assembly-CSharp.csproj" />
  <Project Path="ShaderCrew.SeeThroughShader.Core.ShaderGraph.Editor.csproj" />
  <Project Path="com.cqf.urpvolumetricfog.editor.csproj" />
  <Project Path="Lofelt.NiceVibrations.Demo.csproj" />
  <Project Path="com.cqf.urpvolumetricfog.runtime.csproj" />
  <Project Path="Lofelt.NiceVibrations.Editor.csproj" />
  <Project Path="Assembly-CSharp-Editor.csproj" />
  <Project Path="CodeMonkey_HealthSystem_Editor.csproj" />
  <Project Path="ShaderCrew.SeeThroughShader.Core.StackableForBetterShaders.Editor.csproj" />
</Solution>
